
Microsoft Visual Studio Solution File, Format Version 12.00
# Visual Studio Version 17
VisualStudioVersion = 17.9.34622.214
MinimumVisualStudioVersion = 10.0.40219.1
Project("{FAE04EC0-301F-11D3-BF4B-00C04F79EFBC}") = "WindowsFormsApp54", "WindowsFormsApp54\WindowsFormsApp54.csproj", "{69B5534B-E040-4860-8AC0-6EDC20A525CC}"
EndProject
Global
	GlobalSection(SolutionConfigurationPlatforms) = preSolution
		Debug|Any CPU = Debug|Any CPU
		Release|Any CPU = Release|Any CPU
	EndGlobalSection
	GlobalSection(ProjectConfigurationPlatforms) = postSolution
		{69B5534B-E040-4860-8AC0-6EDC20A525CC}.Debug|Any CPU.ActiveCfg = Debug|Any CPU
		{69B5534B-E040-4860-8AC0-6EDC20A525CC}.Debug|Any CPU.Build.0 = Debug|Any CPU
		{69B5534B-E040-4860-8AC0-6EDC20A525CC}.Release|Any CPU.ActiveCfg = Release|Any CPU
		{69B5534B-E040-4860-8AC0-6EDC20A525CC}.Release|Any CPU.Build.0 = Release|Any CPU
	EndGlobalSection
	GlobalSection(SolutionProperties) = preSolution
		HideSolutionNode = FALSE
	EndGlobalSection
	GlobalSection(ExtensibilityGlobals) = postSolution
		SolutionGuid = {A4BA258F-13B7-4742-AF74-83FE4848361B}
	EndGlobalSection
EndGlobal
